{
   "name": "@neoxr/zapo",
   "version": "1.0.0",
   "lockfileVersion": 3,
   "requires": true,
   "packages": {
      "": {
         "name": "@neoxr/zapo",
         "version": "1.0.0",
         "license": "ISC",
         "dependencies": {
            "@cacheable/node-cache": "~1.4.0",
            "@neoxr/api": "^1.5.3",
            "@neoxr/helper": "latest",
            "@zapo-js/media-utils": "^1.0.0",
            "bytes": "^3.1.2",
            "chalk": "4.1.0",
            "chokidar": "~4.0.3",
            "colors": "~1.4.0",
            "date-fns": "^4.1.0",
            "dotenv": "^16.0.1",
            "file-type": "~16.5.2",
            "flatted": "^3.3.3",
            "fluent-ffmpeg": "~2.1.3",
            "libphonenumber-js": "^1.13.10",
            "lodash": "^4.17.21",
            "mime-types": "~2.1.32",
            "node-cron": "~3.0.0",
            "node-id3": "^0.2.7",
            "node-webpmux": "^3.1.0",
            "path": "~0.12.7",
            "pino": "^9.6",
            "qrcode-terminal": "^0.12.0",
            "sharp": "~0.30.5",
            "syntax-error": "~1.4.0",
            "ws": "^8.21.3"
         },
         "peerDependencies": {
            "better-sqlite3": "12.1.1"
         },
         "peerDependenciesMeta": {
            "better-sqlite3": {
               "optional": true
            },
            "mysql2": {
               "optional": true
            },
            "pg": {
               "optional": true
            },
            "redis": {
               "optional": true
            }
         }
      },
      "node_modules/@cacheable/node-cache": {
         "version": "1.4.2",
         "license": "MIT",
         "dependencies": {
            "cacheable": "^1.8.1",
            "eventemitter3": "^5.0.1",
            "keyv": "^5.2.1"
         }
      },
      "node_modules/@keyv/serialize": {
         "version": "1.1.1",
         "license": "MIT"
      },
      "node_modules/@neoxr/api": {
         "version": "1.5.3",
         "license": "MIT",
         "dependencies": {
            "axios": "~0.24.0"
         }
      },
      "node_modules/@neoxr/helper": {
         "version": "2.3.15",
         "resolved": "https://registry.npmjs.org/@neoxr/helper/-/helper-2.3.15.tgz",
         "integrity": "sha512-nLNf6ya+z6q7ikFHpjocolZykVFFXVPYhReHEyKRq5VCYSXDle9kvj5st9aZQI5Mm7T9rWHIgS0Ae4A1/4z07g==",
         "license": "MIT",
         "dependencies": {
            "async-retry": "^1.3.3",
            "axios": "~1.6.8",
            "cheerio": "^1.0.0-rc.12",
            "file-type": "~16.5.2",
            "form-data": "~4.0.0"
         }
      },
      "node_modules/@neoxr/helper/node_modules/axios": {
         "version": "1.6.8",
         "license": "MIT",
         "dependencies": {
            "follow-redirects": "^1.15.6",
            "form-data": "^4.0.0",
            "proxy-from-env": "^1.1.0"
         }
      },
      "node_modules/@pinojs/redact": {
         "version": "0.4.0",
         "license": "MIT"
      },
      "node_modules/@tokenizer/token": {
         "version": "0.3.0",
         "license": "MIT"
      },
      "node_modules/@zapo-js/media-utils": {
         "version": "1.0.0",
         "license": "MIT",
         "engines": {
            "node": ">=20.9.0"
         },
         "peerDependencies": {
            "file-type": ">=19.0.0",
            "sharp": ">=0.33.0",
            "zapo-js": "^1.0.0"
         },
         "peerDependenciesMeta": {
            "file-type": {
               "optional": true
            }
         }
      },
      "node_modules/abort-controller": {
         "version": "3.0.0",
         "license": "MIT",
         "dependencies": {
            "event-target-shim": "^5.0.0"
         },
         "engines": {
            "node": ">=6.5"
         }
      },
      "node_modules/acorn": {
         "version": "7.4.1",
         "license": "MIT",
         "bin": {
            "acorn": "bin/acorn"
         },
         "engines": {
            "node": ">=0.4.0"
         }
      },
      "node_modules/acorn-node": {
         "version": "1.8.2",
         "license": "Apache-2.0",
         "dependencies": {
            "acorn": "^7.0.0",
            "acorn-walk": "^7.0.0",
            "xtend": "^4.0.2"
         }
      },
      "node_modules/acorn-walk": {
         "version": "7.2.0",
         "license": "MIT",
         "engines": {
            "node": ">=0.4.0"
         }
      },
      "node_modules/ansi-styles": {
         "version": "4.3.0",
         "license": "MIT",
         "dependencies": {
            "color-convert": "^2.0.1"
         },
         "engines": {
            "node": ">=8"
         },
         "funding": {
            "url": "https://github.com/chalk/ansi-styles?sponsor=1"
         }
      },
      "node_modules/async": {
         "version": "0.2.10"
      },
      "node_modules/async-retry": {
         "version": "1.3.3",
         "license": "MIT",
         "dependencies": {
            "retry": "0.13.1"
         }
      },
      "node_modules/asynckit": {
         "version": "0.4.0",
         "license": "MIT"
      },
      "node_modules/atomic-sleep": {
         "version": "1.0.0",
         "license": "MIT",
         "engines": {
            "node": ">=8.0.0"
         }
      },
      "node_modules/axios": {
         "version": "0.24.0",
         "license": "MIT",
         "dependencies": {
            "follow-redirects": "^1.14.4"
         }
      },
      "node_modules/base64-js": {
         "version": "1.5.1",
         "funding": [
            {
               "type": "github",
               "url": "https://github.com/sponsors/feross"
            },
            {
               "type": "patreon",
               "url": "https://www.patreon.com/feross"
            },
            {
               "type": "consulting",
               "url": "https://feross.org/support"
            }
         ],
         "license": "MIT"
      },
      "node_modules/bl": {
         "version": "4.1.0",
         "license": "MIT",
         "dependencies": {
            "buffer": "^5.5.0",
            "inherits": "^2.0.4",
            "readable-stream": "^3.4.0"
         }
      },
      "node_modules/bl/node_modules/buffer": {
         "version": "5.7.1",
         "funding": [
            {
               "type": "github",
               "url": "https://github.com/sponsors/feross"
            },
            {
               "type": "patreon",
               "url": "https://www.patreon.com/feross"
            },
            {
               "type": "consulting",
               "url": "https://feross.org/support"
            }
         ],
         "license": "MIT",
         "dependencies": {
            "base64-js": "^1.3.1",
            "ieee754": "^1.1.13"
         }
      },
      "node_modules/boolbase": {
         "version": "1.0.0",
         "license": "ISC"
      },
      "node_modules/buffer": {
         "version": "6.0.3",
         "funding": [
            {
               "type": "github",
               "url": "https://github.com/sponsors/feross"
            },
            {
               "type": "patreon",
               "url": "https://www.patreon.com/feross"
            },
            {
               "type": "consulting",
               "url": "https://feross.org/support"
            }
         ],
         "license": "MIT",
         "dependencies": {
            "base64-js": "^1.3.1",
            "ieee754": "^1.2.1"
         }
      },
      "node_modules/bytes": {
         "version": "3.1.2",
         "license": "MIT",
         "engines": {
            "node": ">= 0.8"
         }
      },
      "node_modules/cacheable": {
         "version": "1.10.4",
         "license": "MIT",
         "dependencies": {
            "hookified": "^1.11.0",
            "keyv": "^5.5.0"
         }
      },
      "node_modules/call-bind-apply-helpers": {
         "version": "1.0.2",
         "license": "MIT",
         "dependencies": {
            "es-errors": "^1.3.0",
            "function-bind": "^1.1.2"
         },
         "engines": {
            "node": ">= 0.4"
         }
      },
      "node_modules/chalk": {
         "version": "4.1.0",
         "license": "MIT",
         "dependencies": {
            "ansi-styles": "^4.1.0",
            "supports-color": "^7.1.0"
         },
         "engines": {
            "node": ">=10"
         },
         "funding": {
            "url": "https://github.com/chalk/chalk?sponsor=1"
         }
      },
      "node_modules/cheerio": {
         "version": "1.2.0",
         "license": "MIT",
         "dependencies": {
            "cheerio-select": "^2.1.0",
            "dom-serializer": "^2.0.0",
            "domhandler": "^5.0.3",
            "domutils": "^3.2.2",
            "encoding-sniffer": "^0.2.1",
            "htmlparser2": "^10.1.0",
            "parse5": "^7.3.0",
            "parse5-htmlparser2-tree-adapter": "^7.1.0",
            "parse5-parser-stream": "^7.1.2",
            "undici": "^7.19.0",
            "whatwg-mimetype": "^4.0.0"
         },
         "engines": {
            "node": ">=20.18.1"
         },
         "funding": {
            "url": "https://github.com/cheeriojs/cheerio?sponsor=1"
         }
      },
      "node_modules/cheerio-select": {
         "version": "2.1.0",
         "license": "BSD-2-Clause",
         "dependencies": {
            "boolbase": "^1.0.0",
            "css-select": "^5.1.0",
            "css-what": "^6.1.0",
            "domelementtype": "^2.3.0",
            "domhandler": "^5.0.3",
            "domutils": "^3.0.1"
         },
         "funding": {
            "url": "https://github.com/sponsors/fb55"
         }
      },
      "node_modules/chokidar": {
         "version": "4.0.3",
         "license": "MIT",
         "dependencies": {
            "readdirp": "^4.0.1"
         },
         "engines": {
            "node": ">= 14.16.0"
         },
         "funding": {
            "url": "https://paulmillr.com/funding/"
         }
      },
      "node_modules/chownr": {
         "version": "1.1.4",
         "license": "ISC"
      },
      "node_modules/color": {
         "version": "4.2.3",
         "license": "MIT",
         "dependencies": {
            "color-convert": "^2.0.1",
            "color-string": "^1.9.0"
         },
         "engines": {
            "node": ">=12.5.0"
         }
      },
      "node_modules/color-convert": {
         "version": "2.0.1",
         "license": "MIT",
         "dependencies": {
            "color-name": "~1.1.4"
         },
         "engines": {
            "node": ">=7.0.0"
         }
      },
      "node_modules/color-name": {
         "version": "1.1.4",
         "license": "MIT"
      },
      "node_modules/color-string": {
         "version": "1.9.1",
         "license": "MIT",
         "dependencies": {
            "color-name": "^1.0.0",
            "simple-swizzle": "^0.2.2"
         }
      },
      "node_modules/colors": {
         "version": "1.4.0",
         "license": "MIT",
         "engines": {
            "node": ">=0.1.90"
         }
      },
      "node_modules/combined-stream": {
         "version": "1.0.8",
         "license": "MIT",
         "dependencies": {
            "delayed-stream": "~1.0.0"
         },
         "engines": {
            "node": ">= 0.8"
         }
      },
      "node_modules/css-select": {
         "version": "5.2.2",
         "license": "BSD-2-Clause",
         "dependencies": {
            "boolbase": "^1.0.0",
            "css-what": "^6.1.0",
            "domhandler": "^5.0.2",
            "domutils": "^3.0.1",
            "nth-check": "^2.0.1"
         },
         "funding": {
            "url": "https://github.com/sponsors/fb55"
         }
      },
      "node_modules/css-what": {
         "version": "6.2.2",
         "license": "BSD-2-Clause",
         "engines": {
            "node": ">= 6"
         },
         "funding": {
            "url": "https://github.com/sponsors/fb55"
         }
      },
      "node_modules/date-fns": {
         "version": "4.4.0",
         "license": "MIT",
         "funding": {
            "type": "github",
            "url": "https://github.com/sponsors/kossnocorp"
         }
      },
      "node_modules/decompress-response": {
         "version": "6.0.0",
         "license": "MIT",
         "dependencies": {
            "mimic-response": "^3.1.0"
         },
         "engines": {
            "node": ">=10"
         },
         "funding": {
            "url": "https://github.com/sponsors/sindresorhus"
         }
      },
      "node_modules/deep-extend": {
         "version": "0.6.0",
         "license": "MIT",
         "engines": {
            "node": ">=4.0.0"
         }
      },
      "node_modules/delayed-stream": {
         "version": "1.0.0",
         "license": "MIT",
         "engines": {
            "node": ">=0.4.0"
         }
      },
      "node_modules/detect-libc": {
         "version": "2.1.2",
         "license": "Apache-2.0",
         "engines": {
            "node": ">=8"
         }
      },
      "node_modules/dom-serializer": {
         "version": "2.0.0",
         "license": "MIT",
         "dependencies": {
            "domelementtype": "^2.3.0",
            "domhandler": "^5.0.2",
            "entities": "^4.2.0"
         },
         "funding": {
            "url": "https://github.com/cheeriojs/dom-serializer?sponsor=1"
         }
      },
      "node_modules/domelementtype": {
         "version": "2.3.0",
         "funding": [
            {
               "type": "github",
               "url": "https://github.com/sponsors/fb55"
            }
         ],
         "license": "BSD-2-Clause"
      },
      "node_modules/domhandler": {
         "version": "5.0.3",
         "license": "BSD-2-Clause",
         "dependencies": {
            "domelementtype": "^2.3.0"
         },
         "engines": {
            "node": ">= 4"
         },
         "funding": {
            "url": "https://github.com/fb55/domhandler?sponsor=1"
         }
      },
      "node_modules/domutils": {
         "version": "3.2.2",
         "license": "BSD-2-Clause",
         "dependencies": {
            "dom-serializer": "^2.0.0",
            "domelementtype": "^2.3.0",
            "domhandler": "^5.0.3"
         },
         "funding": {
            "url": "https://github.com/fb55/domutils?sponsor=1"
         }
      },
      "node_modules/dotenv": {
         "version": "16.6.1",
         "license": "BSD-2-Clause",
         "engines": {
            "node": ">=12"
         },
         "funding": {
            "url": "https://dotenvx.com"
         }
      },
      "node_modules/dunder-proto": {
         "version": "1.0.1",
         "license": "MIT",
         "dependencies": {
            "call-bind-apply-helpers": "^1.0.1",
            "es-errors": "^1.3.0",
            "gopd": "^1.2.0"
         },
         "engines": {
            "node": ">= 0.4"
         }
      },
      "node_modules/encoding-sniffer": {
         "version": "0.2.1",
         "license": "MIT",
         "dependencies": {
            "iconv-lite": "^0.6.3",
            "whatwg-encoding": "^3.1.1"
         },
         "funding": {
            "url": "https://github.com/fb55/encoding-sniffer?sponsor=1"
         }
      },
      "node_modules/end-of-stream": {
         "version": "1.4.5",
         "license": "MIT",
         "dependencies": {
            "once": "^1.4.0"
         }
      },
      "node_modules/entities": {
         "version": "4.5.0",
         "license": "BSD-2-Clause",
         "engines": {
            "node": ">=0.12"
         },
         "funding": {
            "url": "https://github.com/fb55/entities?sponsor=1"
         }
      },
      "node_modules/es-define-property": {
         "version": "1.0.1",
         "license": "MIT",
         "engines": {
            "node": ">= 0.4"
         }
      },
      "node_modules/es-errors": {
         "version": "1.3.0",
         "license": "MIT",
         "engines": {
            "node": ">= 0.4"
         }
      },
      "node_modules/es-object-atoms": {
         "version": "1.1.2",
         "license": "MIT",
         "dependencies": {
            "es-errors": "^1.3.0"
         },
         "engines": {
            "node": ">= 0.4"
         }
      },
      "node_modules/es-set-tostringtag": {
         "version": "2.1.0",
         "license": "MIT",
         "dependencies": {
            "es-errors": "^1.3.0",
            "get-intrinsic": "^1.2.6",
            "has-tostringtag": "^1.0.2",
            "hasown": "^2.0.2"
         },
         "engines": {
            "node": ">= 0.4"
         }
      },
      "node_modules/event-target-shim": {
         "version": "5.0.1",
         "license": "MIT",
         "engines": {
            "node": ">=6"
         }
      },
      "node_modules/eventemitter3": {
         "version": "5.0.4",
         "license": "MIT"
      },
      "node_modules/events": {
         "version": "3.3.0",
         "license": "MIT",
         "engines": {
            "node": ">=0.8.x"
         }
      },
      "node_modules/expand-template": {
         "version": "2.0.3",
         "license": "(MIT OR WTFPL)",
         "engines": {
            "node": ">=6"
         }
      },
      "node_modules/file-type": {
         "version": "16.5.4",
         "license": "MIT",
         "dependencies": {
            "readable-web-to-node-stream": "^3.0.0",
            "strtok3": "^6.2.4",
            "token-types": "^4.1.1"
         },
         "engines": {
            "node": ">=10"
         },
         "funding": {
            "url": "https://github.com/sindresorhus/file-type?sponsor=1"
         }
      },
      "node_modules/flatted": {
         "version": "3.4.4",
         "license": "ISC"
      },
      "node_modules/fluent-ffmpeg": {
         "version": "2.1.3",
         "license": "MIT",
         "dependencies": {
            "async": "^0.2.9",
            "which": "^1.1.1"
         },
         "engines": {
            "node": ">=18"
         }
      },
      "node_modules/follow-redirects": {
         "version": "1.16.0",
         "funding": [
            {
               "type": "individual",
               "url": "https://github.com/sponsors/RubenVerborgh"
            }
         ],
         "license": "MIT",
         "engines": {
            "node": ">=4.0"
         },
         "peerDependenciesMeta": {
            "debug": {
               "optional": true
            }
         }
      },
      "node_modules/form-data": {
         "version": "4.0.6",
         "license": "MIT",
         "dependencies": {
            "asynckit": "^0.4.0",
            "combined-stream": "^1.0.8",
            "es-set-tostringtag": "^2.1.0",
            "hasown": "^2.0.4",
            "mime-types": "^2.1.35"
         },
         "engines": {
            "node": ">= 6"
         }
      },
      "node_modules/fs-constants": {
         "version": "1.0.0",
         "license": "MIT"
      },
      "node_modules/function-bind": {
         "version": "1.1.2",
         "license": "MIT",
         "funding": {
            "url": "https://github.com/sponsors/ljharb"
         }
      },
      "node_modules/get-intrinsic": {
         "version": "1.3.0",
         "license": "MIT",
         "dependencies": {
            "call-bind-apply-helpers": "^1.0.2",
            "es-define-property": "^1.0.1",
            "es-errors": "^1.3.0",
            "es-object-atoms": "^1.1.1",
            "function-bind": "^1.1.2",
            "get-proto": "^1.0.1",
            "gopd": "^1.2.0",
            "has-symbols": "^1.1.0",
            "hasown": "^2.0.2",
            "math-intrinsics": "^1.1.0"
         },
         "engines": {
            "node": ">= 0.4"
         },
         "funding": {
            "url": "https://github.com/sponsors/ljharb"
         }
      },
      "node_modules/get-proto": {
         "version": "1.0.1",
         "license": "MIT",
         "dependencies": {
            "dunder-proto": "^1.0.1",
            "es-object-atoms": "^1.0.0"
         },
         "engines": {
            "node": ">= 0.4"
         }
      },
      "node_modules/github-from-package": {
         "version": "0.0.0",
         "license": "MIT"
      },
      "node_modules/gopd": {
         "version": "1.2.0",
         "license": "MIT",
         "engines": {
            "node": ">= 0.4"
         },
         "funding": {
            "url": "https://github.com/sponsors/ljharb"
         }
      },
      "node_modules/has-flag": {
         "version": "4.0.0",
         "license": "MIT",
         "engines": {
            "node": ">=8"
         }
      },
      "node_modules/has-symbols": {
         "version": "1.1.0",
         "license": "MIT",
         "engines": {
            "node": ">= 0.4"
         },
         "funding": {
            "url": "https://github.com/sponsors/ljharb"
         }
      },
      "node_modules/has-tostringtag": {
         "version": "1.0.2",
         "license": "MIT",
         "dependencies": {
            "has-symbols": "^1.0.3"
         },
         "engines": {
            "node": ">= 0.4"
         },
         "funding": {
            "url": "https://github.com/sponsors/ljharb"
         }
      },
      "node_modules/hasown": {
         "version": "2.0.4",
         "license": "MIT",
         "dependencies": {
            "function-bind": "^1.1.2"
         },
         "engines": {
            "node": ">= 0.4"
         }
      },
      "node_modules/hookified": {
         "version": "1.15.1",
         "license": "MIT"
      },
      "node_modules/htmlparser2": {
         "version": "10.1.0",
         "funding": [
            "https://github.com/fb55/htmlparser2?sponsor=1",
            {
               "type": "github",
               "url": "https://github.com/sponsors/fb55"
            }
         ],
         "license": "MIT",
         "dependencies": {
            "domelementtype": "^2.3.0",
            "domhandler": "^5.0.3",
            "domutils": "^3.2.2",
            "entities": "^7.0.1"
         }
      },
      "node_modules/htmlparser2/node_modules/entities": {
         "version": "7.0.1",
         "license": "BSD-2-Clause",
         "engines": {
            "node": ">=0.12"
         },
         "funding": {
            "url": "https://github.com/fb55/entities?sponsor=1"
         }
      },
      "node_modules/iconv-lite": {
         "version": "0.6.3",
         "license": "MIT",
         "dependencies": {
            "safer-buffer": ">= 2.1.2 < 3.0.0"
         },
         "engines": {
            "node": ">=0.10.0"
         }
      },
      "node_modules/ieee754": {
         "version": "1.2.1",
         "funding": [
            {
               "type": "github",
               "url": "https://github.com/sponsors/feross"
            },
            {
               "type": "patreon",
               "url": "https://www.patreon.com/feross"
            },
            {
               "type": "consulting",
               "url": "https://feross.org/support"
            }
         ],
         "license": "BSD-3-Clause"
      },
      "node_modules/inherits": {
         "version": "2.0.4",
         "license": "ISC"
      },
      "node_modules/ini": {
         "version": "1.3.8",
         "license": "ISC"
      },
      "node_modules/is-arrayish": {
         "version": "0.3.4",
         "license": "MIT"
      },
      "node_modules/isexe": {
         "version": "2.0.0",
         "license": "ISC"
      },
      "node_modules/keyv": {
         "version": "5.6.0",
         "license": "MIT",
         "dependencies": {
            "@keyv/serialize": "^1.1.1"
         }
      },
      "node_modules/libphonenumber-js": {
         "version": "1.13.14",
         "license": "MIT"
      },
      "node_modules/lodash": {
         "version": "4.18.1",
         "license": "MIT"
      },
      "node_modules/math-intrinsics": {
         "version": "1.1.0",
         "license": "MIT",
         "engines": {
            "node": ">= 0.4"
         }
      },
      "node_modules/mime-db": {
         "version": "1.52.0",
         "license": "MIT",
         "engines": {
            "node": ">= 0.6"
         }
      },
      "node_modules/mime-types": {
         "version": "2.1.35",
         "license": "MIT",
         "dependencies": {
            "mime-db": "1.52.0"
         },
         "engines": {
            "node": ">= 0.6"
         }
      },
      "node_modules/mimic-response": {
         "version": "3.1.0",
         "license": "MIT",
         "engines": {
            "node": ">=10"
         },
         "funding": {
            "url": "https://github.com/sponsors/sindresorhus"
         }
      },
      "node_modules/minimist": {
         "version": "1.2.8",
         "license": "MIT",
         "funding": {
            "url": "https://github.com/sponsors/ljharb"
         }
      },
      "node_modules/mkdirp-classic": {
         "version": "0.5.3",
         "license": "MIT"
      },
      "node_modules/napi-build-utils": {
         "version": "2.0.0",
         "license": "MIT"
      },
      "node_modules/node-abi": {
         "version": "3.96.0",
         "license": "MIT",
         "dependencies": {
            "semver": "^7.3.5"
         },
         "engines": {
            "node": ">=10"
         }
      },
      "node_modules/node-addon-api": {
         "version": "5.1.0",
         "license": "MIT"
      },
      "node_modules/node-cron": {
         "version": "3.0.3",
         "license": "ISC",
         "dependencies": {
            "uuid": "8.3.2"
         },
         "engines": {
            "node": ">=6.0.0"
         }
      },
      "node_modules/node-id3": {
         "version": "0.2.9",
         "license": "MIT",
         "dependencies": {
            "iconv-lite": "0.6.2"
         }
      },
      "node_modules/node-id3/node_modules/iconv-lite": {
         "version": "0.6.2",
         "license": "MIT",
         "dependencies": {
            "safer-buffer": ">= 2.1.2 < 3.0.0"
         },
         "engines": {
            "node": ">=0.10.0"
         }
      },
      "node_modules/node-webpmux": {
         "version": "3.2.1",
         "license": "LGPL-3.0-or-later"
      },
      "node_modules/nth-check": {
         "version": "2.1.1",
         "license": "BSD-2-Clause",
         "dependencies": {
            "boolbase": "^1.0.0"
         },
         "funding": {
            "url": "https://github.com/fb55/nth-check?sponsor=1"
         }
      },
      "node_modules/on-exit-leak-free": {
         "version": "2.1.2",
         "license": "MIT",
         "engines": {
            "node": ">=14.0.0"
         }
      },
      "node_modules/once": {
         "version": "1.4.0",
         "license": "ISC",
         "dependencies": {
            "wrappy": "1"
         }
      },
      "node_modules/parse5": {
         "version": "7.3.0",
         "license": "MIT",
         "dependencies": {
            "entities": "^6.0.0"
         },
         "funding": {
            "url": "https://github.com/inikulin/parse5?sponsor=1"
         }
      },
      "node_modules/parse5-htmlparser2-tree-adapter": {
         "version": "7.1.0",
         "license": "MIT",
         "dependencies": {
            "domhandler": "^5.0.3",
            "parse5": "^7.0.0"
         },
         "funding": {
            "url": "https://github.com/inikulin/parse5?sponsor=1"
         }
      },
      "node_modules/parse5-parser-stream": {
         "version": "7.1.2",
         "license": "MIT",
         "dependencies": {
            "parse5": "^7.0.0"
         },
         "funding": {
            "url": "https://github.com/inikulin/parse5?sponsor=1"
         }
      },
      "node_modules/parse5/node_modules/entities": {
         "version": "6.0.1",
         "license": "BSD-2-Clause",
         "engines": {
            "node": ">=0.12"
         },
         "funding": {
            "url": "https://github.com/fb55/entities?sponsor=1"
         }
      },
      "node_modules/path": {
         "version": "0.12.7",
         "license": "MIT",
         "dependencies": {
            "process": "^0.11.1",
            "util": "^0.10.3"
         }
      },
      "node_modules/peek-readable": {
         "version": "4.1.0",
         "license": "MIT",
         "engines": {
            "node": ">=8"
         },
         "funding": {
            "type": "github",
            "url": "https://github.com/sponsors/Borewit"
         }
      },
      "node_modules/pino": {
         "version": "9.14.0",
         "license": "MIT",
         "dependencies": {
            "@pinojs/redact": "^0.4.0",
            "atomic-sleep": "^1.0.0",
            "on-exit-leak-free": "^2.1.0",
            "pino-abstract-transport": "^2.0.0",
            "pino-std-serializers": "^7.0.0",
            "process-warning": "^5.0.0",
            "quick-format-unescaped": "^4.0.3",
            "real-require": "^0.2.0",
            "safe-stable-stringify": "^2.3.1",
            "sonic-boom": "^4.0.1",
            "thread-stream": "^3.0.0"
         },
         "bin": {
            "pino": "bin.js"
         }
      },
      "node_modules/pino-abstract-transport": {
         "version": "2.0.0",
         "license": "MIT",
         "dependencies": {
            "split2": "^4.0.0"
         }
      },
      "node_modules/pino-std-serializers": {
         "version": "7.1.0",
         "license": "MIT"
      },
      "node_modules/prebuild-install": {
         "version": "7.1.3",
         "license": "MIT",
         "dependencies": {
            "detect-libc": "^2.0.0",
            "expand-template": "^2.0.3",
            "github-from-package": "0.0.0",
            "minimist": "^1.2.3",
            "mkdirp-classic": "^0.5.3",
            "napi-build-utils": "^2.0.0",
            "node-abi": "^3.3.0",
            "pump": "^3.0.0",
            "rc": "^1.2.7",
            "simple-get": "^4.0.0",
            "tar-fs": "^2.0.0",
            "tunnel-agent": "^0.6.0"
         },
         "bin": {
            "prebuild-install": "bin.js"
         },
         "engines": {
            "node": ">=10"
         }
      },
      "node_modules/process": {
         "version": "0.11.10",
         "license": "MIT",
         "engines": {
            "node": ">= 0.6.0"
         }
      },
      "node_modules/process-warning": {
         "version": "5.1.0",
         "funding": [
            {
               "type": "github",
               "url": "https://github.com/sponsors/fastify"
            },
            {
               "type": "opencollective",
               "url": "https://opencollective.com/fastify"
            }
         ],
         "license": "MIT"
      },
      "node_modules/proxy-from-env": {
         "version": "1.1.0",
         "license": "MIT"
      },
      "node_modules/pump": {
         "version": "3.0.4",
         "license": "MIT",
         "dependencies": {
            "end-of-stream": "^1.1.0",
            "once": "^1.3.1"
         }
      },
      "node_modules/qrcode-terminal": {
         "version": "0.12.0",
         "bin": {
            "qrcode-terminal": "bin/qrcode-terminal.js"
         }
      },
      "node_modules/quick-format-unescaped": {
         "version": "4.0.4",
         "license": "MIT"
      },
      "node_modules/rc": {
         "version": "1.2.8",
         "license": "(BSD-2-Clause OR MIT OR Apache-2.0)",
         "dependencies": {
            "deep-extend": "^0.6.0",
            "ini": "~1.3.0",
            "minimist": "^1.2.0",
            "strip-json-comments": "~2.0.1"
         },
         "bin": {
            "rc": "cli.js"
         }
      },
      "node_modules/readable-stream": {
         "version": "3.6.2",
         "license": "MIT",
         "dependencies": {
            "inherits": "^2.0.3",
            "string_decoder": "^1.1.1",
            "util-deprecate": "^1.0.1"
         },
         "engines": {
            "node": ">= 6"
         }
      },
      "node_modules/readable-web-to-node-stream": {
         "version": "3.0.4",
         "license": "MIT",
         "dependencies": {
            "readable-stream": "^4.7.0"
         },
         "engines": {
            "node": ">=8"
         },
         "funding": {
            "type": "github",
            "url": "https://github.com/sponsors/Borewit"
         }
      },
      "node_modules/readable-web-to-node-stream/node_modules/readable-stream": {
         "version": "4.7.0",
         "license": "MIT",
         "dependencies": {
            "abort-controller": "^3.0.0",
            "buffer": "^6.0.3",
            "events": "^3.3.0",
            "process": "^0.11.10",
            "string_decoder": "^1.3.0"
         },
         "engines": {
            "node": "^12.22.0 || ^14.17.0 || >=16.0.0"
         }
      },
      "node_modules/readdirp": {
         "version": "4.1.2",
         "license": "MIT",
         "engines": {
            "node": ">= 14.18.0"
         },
         "funding": {
            "type": "individual",
            "url": "https://paulmillr.com/funding/"
         }
      },
      "node_modules/real-require": {
         "version": "0.2.0",
         "license": "MIT",
         "engines": {
            "node": ">= 12.13.0"
         }
      },
      "node_modules/retry": {
         "version": "0.13.1",
         "license": "MIT",
         "engines": {
            "node": ">= 4"
         }
      },
      "node_modules/safe-buffer": {
         "version": "5.2.1",
         "funding": [
            {
               "type": "github",
               "url": "https://github.com/sponsors/feross"
            },
            {
               "type": "patreon",
               "url": "https://www.patreon.com/feross"
            },
            {
               "type": "consulting",
               "url": "https://feross.org/support"
            }
         ],
         "license": "MIT"
      },
      "node_modules/safe-stable-stringify": {
         "version": "2.5.0",
         "license": "MIT",
         "engines": {
            "node": ">=10"
         }
      },
      "node_modules/safer-buffer": {
         "version": "2.1.2",
         "license": "MIT"
      },
      "node_modules/semver": {
         "version": "7.8.5",
         "license": "ISC",
         "bin": {
            "semver": "bin/semver.js"
         },
         "engines": {
            "node": ">=10"
         }
      },
      "node_modules/sharp": {
         "version": "0.30.7",
         "hasInstallScript": true,
         "license": "Apache-2.0",
         "dependencies": {
            "color": "^4.2.3",
            "detect-libc": "^2.0.1",
            "node-addon-api": "^5.0.0",
            "prebuild-install": "^7.1.1",
            "semver": "^7.3.7",
            "simple-get": "^4.0.1",
            "tar-fs": "^2.1.1",
            "tunnel-agent": "^0.6.0"
         },
         "engines": {
            "node": ">=12.13.0"
         },
         "funding": {
            "url": "https://opencollective.com/libvips"
         }
      },
      "node_modules/simple-concat": {
         "version": "1.0.1",
         "funding": [
            {
               "type": "github",
               "url": "https://github.com/sponsors/feross"
            },
            {
               "type": "patreon",
               "url": "https://www.patreon.com/feross"
            },
            {
               "type": "consulting",
               "url": "https://feross.org/support"
            }
         ],
         "license": "MIT"
      },
      "node_modules/simple-get": {
         "version": "4.0.1",
         "funding": [
            {
               "type": "github",
               "url": "https://github.com/sponsors/feross"
            },
            {
               "type": "patreon",
               "url": "https://www.patreon.com/feross"
            },
            {
               "type": "consulting",
               "url": "https://feross.org/support"
            }
         ],
         "license": "MIT",
         "dependencies": {
            "decompress-response": "^6.0.0",
            "once": "^1.3.1",
            "simple-concat": "^1.0.0"
         }
      },
      "node_modules/simple-swizzle": {
         "version": "0.2.4",
         "license": "MIT",
         "dependencies": {
            "is-arrayish": "^0.3.1"
         }
      },
      "node_modules/sonic-boom": {
         "version": "4.2.1",
         "license": "MIT",
         "dependencies": {
            "atomic-sleep": "^1.0.0"
         }
      },
      "node_modules/split2": {
         "version": "4.2.0",
         "license": "ISC",
         "engines": {
            "node": ">= 10.x"
         }
      },
      "node_modules/string_decoder": {
         "version": "1.3.0",
         "license": "MIT",
         "dependencies": {
            "safe-buffer": "~5.2.0"
         }
      },
      "node_modules/strip-json-comments": {
         "version": "2.0.1",
         "license": "MIT",
         "engines": {
            "node": ">=0.10.0"
         }
      },
      "node_modules/strtok3": {
         "version": "6.3.0",
         "license": "MIT",
         "dependencies": {
            "@tokenizer/token": "^0.3.0",
            "peek-readable": "^4.1.0"
         },
         "engines": {
            "node": ">=10"
         },
         "funding": {
            "type": "github",
            "url": "https://github.com/sponsors/Borewit"
         }
      },
      "node_modules/supports-color": {
         "version": "7.2.0",
         "license": "MIT",
         "dependencies": {
            "has-flag": "^4.0.0"
         },
         "engines": {
            "node": ">=8"
         }
      },
      "node_modules/syntax-error": {
         "version": "1.4.0",
         "license": "MIT",
         "dependencies": {
            "acorn-node": "^1.2.0"
         }
      },
      "node_modules/tar-fs": {
         "version": "2.1.5",
         "license": "MIT",
         "dependencies": {
            "chownr": "^1.1.1",
            "mkdirp-classic": "^0.5.2",
            "pump": "^3.0.0",
            "tar-stream": "^2.1.4"
         }
      },
      "node_modules/tar-stream": {
         "version": "2.2.0",
         "license": "MIT",
         "dependencies": {
            "bl": "^4.0.3",
            "end-of-stream": "^1.4.1",
            "fs-constants": "^1.0.0",
            "inherits": "^2.0.3",
            "readable-stream": "^3.1.1"
         },
         "engines": {
            "node": ">=6"
         }
      },
      "node_modules/thread-stream": {
         "version": "3.2.0",
         "license": "MIT",
         "dependencies": {
            "real-require": "^0.2.0"
         }
      },
      "node_modules/token-types": {
         "version": "4.2.1",
         "license": "MIT",
         "dependencies": {
            "@tokenizer/token": "^0.3.0",
            "ieee754": "^1.2.1"
         },
         "engines": {
            "node": ">=10"
         },
         "funding": {
            "type": "github",
            "url": "https://github.com/sponsors/Borewit"
         }
      },
      "node_modules/tunnel-agent": {
         "version": "0.6.0",
         "license": "Apache-2.0",
         "dependencies": {
            "safe-buffer": "^5.0.1"
         },
         "engines": {
            "node": "*"
         }
      },
      "node_modules/undici": {
         "version": "7.30.0",
         "license": "MIT",
         "engines": {
            "node": ">=20.18.1"
         }
      },
      "node_modules/util": {
         "version": "0.10.4",
         "license": "MIT",
         "dependencies": {
            "inherits": "2.0.3"
         }
      },
      "node_modules/util-deprecate": {
         "version": "1.0.2",
         "license": "MIT"
      },
      "node_modules/util/node_modules/inherits": {
         "version": "2.0.3",
         "license": "ISC"
      },
      "node_modules/uuid": {
         "version": "8.3.2",
         "license": "MIT",
         "bin": {
            "uuid": "dist/bin/uuid"
         }
      },
      "node_modules/whatwg-encoding": {
         "version": "3.1.1",
         "license": "MIT",
         "dependencies": {
            "iconv-lite": "0.6.3"
         },
         "engines": {
            "node": ">=18"
         }
      },
      "node_modules/whatwg-mimetype": {
         "version": "4.0.0",
         "license": "MIT",
         "engines": {
            "node": ">=18"
         }
      },
      "node_modules/which": {
         "version": "1.3.1",
         "license": "ISC",
         "dependencies": {
            "isexe": "^2.0.0"
         },
         "bin": {
            "which": "bin/which"
         }
      },
      "node_modules/wrappy": {
         "version": "1.0.2",
         "license": "ISC"
      },
      "node_modules/ws": {
         "version": "8.22.0",
         "license": "MIT",
         "engines": {
            "node": ">=10.0.0"
         },
         "peerDependencies": {
            "bufferutil": "^4.0.1",
            "utf-8-validate": ">=5.0.2"
         },
         "peerDependenciesMeta": {
            "bufferutil": {
               "optional": true
            },
            "utf-8-validate": {
               "optional": true
            }
         }
      },
      "node_modules/xtend": {
         "version": "4.0.2",
         "license": "MIT",
         "engines": {
            "node": ">=0.4"
         }
      },
      "node_modules/zapo-js": {
         "version": "1.9.0",
         "resolved": "https://registry.npmjs.org/zapo-js/-/zapo-js-1.9.0.tgz",
         "integrity": "sha512-6t68XsC2gMjG2zZ5yeAsDthrfmp0Af3gyaP4+bAueNdPnXBfA7cj+VP1NQNROm509hLAVHJwkU3kRqOgz3jOyQ==",
         "hasInstallScript": true,
         "license": "MIT",
         "peer": true,
         "workspaces": [
            "packages/*"
         ],
         "engines": {
            "node": ">=20.9.0"
         },
         "funding": {
            "type": "github",
            "url": "https://github.com/sponsors/vinikjkkj"
         },
         "peerDependencies": {
            "argo-codec": "^0.2.1",
            "pino": "^9.0.0",
            "pino-pretty": "^13.0.0",
            "ws": "^8.20.1"
         },
         "peerDependenciesMeta": {
            "argo-codec": {
               "optional": true
            },
            "pino": {
               "optional": true
            },
            "pino-pretty": {
               "optional": true
            },
            "ws": {
               "optional": true
            }
         }
      }
   }
}
